
Microsoft Visual Studio Solution File, Format Version 12.00
# Visual Studio Version 17
VisualStudioVersion = 17.6.33829.357
MinimumVisualStudioVersion = 10.0.40219.1
Project("{8BC9CEB8-8B4A-11D0-8D11-00A0C91BC942}") = "downloadspeed", "downloadspeed\downloadspeed.vcxproj", "{E9F0C471-8E6B-46C4-9A34-DF94F5C895AA}"
EndProject
Global
	GlobalSection(SolutionConfigurationPlatforms) = preSolution
		Debug|x64 = Debug|x64
		Debug|x86 = Debug|x86
		Release|x64 = Release|x64
		Release|x86 = Release|x86
	EndGlobalSection
	GlobalSection(ProjectConfigurationPlatforms) = postSolution
		{E9F0C471-8E6B-46C4-9A34-DF94F5C895AA}.Debug|x64.ActiveCfg = Debug|x64
		{E9F0C471-8E6B-46C4-9A34-DF94F5C895AA}.Debug|x64.Build.0 = Debug|x64
		{E9F0C471-8E6B-46C4-9A34-DF94F5C895AA}.Debug|x86.ActiveCfg = Debug|Win32
		{E9F0C471-8E6B-46C4-9A34-DF94F5C895AA}.Debug|x86.Build.0 = Debug|Win32
		{E9F0C471-8E6B-46C4-9A34-DF94F5C895AA}.Release|x64.ActiveCfg = Release|x64
		{E9F0C471-8E6B-46C4-9A34-DF94F5C895AA}.Release|x64.Build.0 = Release|x64
		{E9F0C471-8E6B-46C4-9A34-DF94F5C895AA}.Release|x86.ActiveCfg = Release|Win32
		{E9F0C471-8E6B-46C4-9A34-DF94F5C895AA}.Release|x86.Build.0 = Release|Win32
	EndGlobalSection
	GlobalSection(SolutionProperties) = preSolution
		HideSolutionNode = FALSE
	EndGlobalSection
	GlobalSection(ExtensibilityGlobals) = postSolution
		SolutionGuid = {FBC12091-3969-45EE-83B0-09F3C7F4634B}
	EndGlobalSection
EndGlobal
